
Microsoft Visual Studio Solution File, Format Version 12.00
# Visual Studio Version 17
VisualStudioVersion = 17.0.31919.166
MinimumVisualStudioVersion = 10.0.40219.1
Project("{2150E333-8FDC-42A3-9474-1A3956D46DE8}") = "Services", "Services", "{E76388ED-52C7-40D4-8FC9-40ABB3FC86C6}"
EndProject
Project("{2150E333-8FDC-42A3-9474-1A3956D46DE8}") = "Catalog", "Catalog", "{BFB66006-B1AA-4286-B601-81C7938AE726}"
EndProject
Project("{9A19103F-16F7-4668-BE54-9A1E7A4F7556}") = "Catalog.API", "Services\Catalog\Catalog.API\Catalog.API.csproj", "{BAD23CB3-4014-41BB-B30B-D5E727156A40}"
EndProject
Project("{E53339B2-1760-4266-BCC7-CA923CBCF16C}") = "docker-compose", "docker-compose.dcproj", "{A495F700-334C-4484-B966-8C18E45C4ABC}"
EndProject
Project("{2150E333-8FDC-42A3-9474-1A3956D46DE8}") = "Basket", "Basket", "{791274DB-030D-4998-949E-C663030E2441}"
EndProject
Project("{9A19103F-16F7-4668-BE54-9A1E7A4F7556}") = "Basket.API", "Services\Basket\Basket.API\Basket.API.csproj", "{0615D0EA-E24E-4953-8A2D-3F6CE3C3BA17}"
EndProject
Project("{2150E333-8FDC-42A3-9474-1A3956D46DE8}") = "Discount", "Discount", "{A7837744-5708-4F95-95F0-14B4A72B15D0}"
EndProject
Project("{9A19103F-16F7-4668-BE54-9A1E7A4F7556}") = "Discount.API", "Services\Discount\Discount.API\Discount.API.csproj", "{3415CB53-23C0-4284-819B-639BB9769CA3}"
EndProject
Project("{9A19103F-16F7-4668-BE54-9A1E7A4F7556}") = "Discount.Grpc", "Services\Discount\Discount.Grpc\Discount.Grpc.csproj", "{1F089A7A-C5CD-4ED5-B37D-D16429E59B16}"
EndProject
Project("{2150E333-8FDC-42A3-9474-1A3956D46DE8}") = "Ordering", "Ordering", "{1CF0F6F8-6582-446D-80DB-1FD705CE470A}"
EndProject
Project("{9A19103F-16F7-4668-BE54-9A1E7A4F7556}") = "Ordering.API", "Services\Ordering\Ordering.API\Ordering.API.csproj", "{A17D11E1-3992-4508-8623-6AC825251C46}"
EndProject
Project("{9A19103F-16F7-4668-BE54-9A1E7A4F7556}") = "Ordering.Domain", "Services\Ordering\Ordering.Domain\Ordering.Domain.csproj", "{53EFB9BC-770F-400E-BAA2-1863427D8303}"
EndProject
Project("{9A19103F-16F7-4668-BE54-9A1E7A4F7556}") = "Ordering.Application", "Services\Ordering\Ordering.Application\Ordering.Application.csproj", "{6B76449D-8667-43D9-88A6-41178C4DE551}"
EndProject
Project("{9A19103F-16F7-4668-BE54-9A1E7A4F7556}") = "Ordering.Infrastructure", "Services\Ordering\Ordering.Infrastructure\Ordering.Infrastructure.csproj", "{40BEC785-E201-41B8-8060-3B536D11E58D}"
EndProject
Project("{2150E333-8FDC-42A3-9474-1A3956D46DE8}") = "BuildingBlocks", "BuildingBlocks", "{39EFC606-8636-4FD8-B65E-D40A00E83916}"
EndProject
Project("{9A19103F-16F7-4668-BE54-9A1E7A4F7556}") = "EventBus.Messages", "BuildingBlocks\EventBus.Messages\EventBus.Messages.csproj", "{88789C87-2429-4350-AF13-C5899D395FA2}"
EndProject
Project("{2150E333-8FDC-42A3-9474-1A3956D46DE8}") = "ApiGateways", "ApiGateways", "{46E6DF8A-E7B4-4E23-9ACD-8C5DE005F1C1}"
EndProject
Project("{9A19103F-16F7-4668-BE54-9A1E7A4F7556}") = "OcelotApiGw", "ApiGateways\OcelotApiGw\OcelotApiGw.csproj", "{D78AFB3C-BF80-4407-ADE4-61A49CBE27C0}"
EndProject
Project("{9A19103F-16F7-4668-BE54-9A1E7A4F7556}") = "Shopping.Aggregator", "ApiGateways\Shopping.Aggregator\Shopping.Aggregator.csproj", "{779692C0-8FBB-4F6C-BD08-F8CDEB998864}"
EndProject
Project("{2150E333-8FDC-42A3-9474-1A3956D46DE8}") = "WebApps", "WebApps", "{35924158-D27B-4FFE-900E-AB930B9587F5}"
EndProject
Project("{9A19103F-16F7-4668-BE54-9A1E7A4F7556}") = "AspnetRunBasics", "WebApps\AspnetRunBasics\AspnetRunBasics.csproj", "{BECFED77-EE44-4C12-AA77-C7C4B89DDC38}"
EndProject
Global
	GlobalSection(SolutionConfigurationPlatforms) = preSolution
		Debug|Any CPU = Debug|Any CPU
		Release|Any CPU = Release|Any CPU
	EndGlobalSection
	GlobalSection(ProjectConfigurationPlatforms) = postSolution
		{BAD23CB3-4014-41BB-B30B-D5E727156A40}.Debug|Any CPU.ActiveCfg = Debug|Any CPU
		{BAD23CB3-4014-41BB-B30B-D5E727156A40}.Debug|Any CPU.Build.0 = Debug|Any CPU
		{BAD23CB3-4014-41BB-B30B-D5E727156A40}.Release|Any CPU.ActiveCfg = Release|Any CPU
		{BAD23CB3-4014-41BB-B30B-D5E727156A40}.Release|Any CPU.Build.0 = Release|Any CPU
		{A495F700-334C-4484-B966-8C18E45C4ABC}.Debug|Any CPU.ActiveCfg = Debug|Any CPU
		{A495F700-334C-4484-B966-8C18E45C4ABC}.Debug|Any CPU.Build.0 = Debug|Any CPU
		{A495F700-334C-4484-B966-8C18E45C4ABC}.Release|Any CPU.ActiveCfg = Release|Any CPU
		{A495F700-334C-4484-B966-8C18E45C4ABC}.Release|Any CPU.Build.0 = Release|Any CPU
		{0615D0EA-E24E-4953-8A2D-3F6CE3C3BA17}.Debug|Any CPU.ActiveCfg = Debug|Any CPU
		{0615D0EA-E24E-4953-8A2D-3F6CE3C3BA17}.Debug|Any CPU.Build.0 = Debug|Any CPU
		{0615D0EA-E24E-4953-8A2D-3F6CE3C3BA17}.Release|Any CPU.ActiveCfg = Release|Any CPU
		{0615D0EA-E24E-4953-8A2D-3F6CE3C3BA17}.Release|Any CPU.Build.0 = Release|Any CPU
		{3415CB53-23C0-4284-819B-639BB9769CA3}.Debug|Any CPU.ActiveCfg = Debug|Any CPU
		{3415CB53-23C0-4284-819B-639BB9769CA3}.Debug|Any CPU.Build.0 = Debug|Any CPU
		{3415CB53-23C0-4284-819B-639BB9769CA3}.Release|Any CPU.ActiveCfg = Release|Any CPU
		{3415CB53-23C0-4284-819B-639BB9769CA3}.Release|Any CPU.Build.0 = Release|Any CPU
		{1F089A7A-C5CD-4ED5-B37D-D16429E59B16}.Debug|Any CPU.ActiveCfg = Debug|Any CPU
		{1F089A7A-C5CD-4ED5-B37D-D16429E59B16}.Debug|Any CPU.Build.0 = Debug|Any CPU
		{1F089A7A-C5CD-4ED5-B37D-D16429E59B16}.Release|Any CPU.ActiveCfg = Release|Any CPU
		{1F089A7A-C5CD-4ED5-B37D-D16429E59B16}.Release|Any CPU.Build.0 = Release|Any CPU
		{A17D11E1-3992-4508-8623-6AC825251C46}.Debug|Any CPU.ActiveCfg = Debug|Any CPU
		{A17D11E1-3992-4508-8623-6AC825251C46}.Debug|Any CPU.Build.0 = Debug|Any CPU
		{A17D11E1-3992-4508-8623-6AC825251C46}.Release|Any CPU.ActiveCfg = Release|Any CPU
		{A17D11E1-3992-4508-8623-6AC825251C46}.Release|Any CPU.Build.0 = Release|Any CPU
		{53EFB9BC-770F-400E-BAA2-1863427D8303}.Debug|Any CPU.ActiveCfg = Debug|Any CPU
		{53EFB9BC-770F-400E-BAA2-1863427D8303}.Debug|Any CPU.Build.0 = Debug|Any CPU
		{53EFB9BC-770F-400E-BAA2-1863427D8303}.Release|Any CPU.ActiveCfg = Release|Any CPU
		{53EFB9BC-770F-400E-BAA2-1863427D8303}.Release|Any CPU.Build.0 = Release|Any CPU
		{6B76449D-8667-43D9-88A6-41178C4DE551}.Debug|Any CPU.ActiveCfg = Debug|Any CPU
		{6B76449D-8667-43D9-88A6-41178C4DE551}.Debug|Any CPU.Build.0 = Debug|Any CPU
		{6B76449D-8667-43D9-88A6-41178C4DE551}.Release|Any CPU.ActiveCfg = Release|Any CPU
		{6B76449D-8667-43D9-88A6-41178C4DE551}.Release|Any CPU.Build.0 = Release|Any CPU
		{40BEC785-E201-41B8-8060-3B536D11E58D}.Debug|Any CPU.ActiveCfg = Debug|Any CPU
		{40BEC785-E201-41B8-8060-3B536D11E58D}.Debug|Any CPU.Build.0 = Debug|Any CPU
		{40BEC785-E201-41B8-8060-3B536D11E58D}.Release|Any CPU.ActiveCfg = Release|Any CPU
		{40BEC785-E201-41B8-8060-3B536D11E58D}.Release|Any CPU.Build.0 = Release|Any CPU
		{88789C87-2429-4350-AF13-C5899D395FA2}.Debug|Any CPU.ActiveCfg = Debug|Any CPU
		{88789C87-2429-4350-AF13-C5899D395FA2}.Debug|Any CPU.Build.0 = Debug|Any CPU
		{88789C87-2429-4350-AF13-C5899D395FA2}.Release|Any CPU.ActiveCfg = Release|Any CPU
		{88789C87-2429-4350-AF13-C5899D395FA2}.Release|Any CPU.Build.0 = Release|Any CPU
		{D78AFB3C-BF80-4407-ADE4-61A49CBE27C0}.Debug|Any CPU.ActiveCfg = Debug|Any CPU
		{D78AFB3C-BF80-4407-ADE4-61A49CBE27C0}.Debug|Any CPU.Build.0 = Debug|Any CPU
		{D78AFB3C-BF80-4407-ADE4-61A49CBE27C0}.Release|Any CPU.ActiveCfg = Release|Any CPU
		{D78AFB3C-BF80-4407-ADE4-61A49CBE27C0}.Release|Any CPU.Build.0 = Release|Any CPU
		{779692C0-8FBB-4F6C-BD08-F8CDEB998864}.Debug|Any CPU.ActiveCfg = Debug|Any CPU
		{779692C0-8FBB-4F6C-BD08-F8CDEB998864}.Debug|Any CPU.Build.0 = Debug|Any CPU
		{779692C0-8FBB-4F6C-BD08-F8CDEB998864}.Release|Any CPU.ActiveCfg = Release|Any CPU
		{779692C0-8FBB-4F6C-BD08-F8CDEB998864}.Release|Any CPU.Build.0 = Release|Any CPU
		{BECFED77-EE44-4C12-AA77-C7C4B89DDC38}.Debug|Any CPU.ActiveCfg = Debug|Any CPU
		{BECFED77-EE44-4C12-AA77-C7C4B89DDC38}.Debug|Any CPU.Build.0 = Debug|Any CPU
		{BECFED77-EE44-4C12-AA77-C7C4B89DDC38}.Release|Any CPU.ActiveCfg = Release|Any CPU
		{BECFED77-EE44-4C12-AA77-C7C4B89DDC38}.Release|Any CPU.Build.0 = Release|Any CPU
	EndGlobalSection
	GlobalSection(SolutionProperties) = preSolution
		HideSolutionNode = FALSE
	EndGlobalSection
	GlobalSection(NestedProjects) = preSolution
		{BFB66006-B1AA-4286-B601-81C7938AE726} = {E76388ED-52C7-40D4-8FC9-40ABB3FC86C6}
		{BAD23CB3-4014-41BB-B30B-D5E727156A40} = {BFB66006-B1AA-4286-B601-81C7938AE726}
		{791274DB-030D-4998-949E-C663030E2441} = {E76388ED-52C7-40D4-8FC9-40ABB3FC86C6}
		{0615D0EA-E24E-4953-8A2D-3F6CE3C3BA17} = {791274DB-030D-4998-949E-C663030E2441}
		{A7837744-5708-4F95-95F0-14B4A72B15D0} = {E76388ED-52C7-40D4-8FC9-40ABB3FC86C6}
		{3415CB53-23C0-4284-819B-639BB9769CA3} = {A7837744-5708-4F95-95F0-14B4A72B15D0}
		{1F089A7A-C5CD-4ED5-B37D-D16429E59B16} = {A7837744-5708-4F95-95F0-14B4A72B15D0}
		{1CF0F6F8-6582-446D-80DB-1FD705CE470A} = {E76388ED-52C7-40D4-8FC9-40ABB3FC86C6}
		{A17D11E1-3992-4508-8623-6AC825251C46} = {1CF0F6F8-6582-446D-80DB-1FD705CE470A}
		{53EFB9BC-770F-400E-BAA2-1863427D8303} = {1CF0F6F8-6582-446D-80DB-1FD705CE470A}
		{6B76449D-8667-43D9-88A6-41178C4DE551} = {1CF0F6F8-6582-446D-80DB-1FD705CE470A}
		{40BEC785-E201-41B8-8060-3B536D11E58D} = {1CF0F6F8-6582-446D-80DB-1FD705CE470A}
		{88789C87-2429-4350-AF13-C5899D395FA2} = {39EFC606-8636-4FD8-B65E-D40A00E83916}
		{D78AFB3C-BF80-4407-ADE4-61A49CBE27C0} = {46E6DF8A-E7B4-4E23-9ACD-8C5DE005F1C1}
		{779692C0-8FBB-4F6C-BD08-F8CDEB998864} = {46E6DF8A-E7B4-4E23-9ACD-8C5DE005F1C1}
		{BECFED77-EE44-4C12-AA77-C7C4B89DDC38} = {35924158-D27B-4FFE-900E-AB930B9587F5}
	EndGlobalSection
	GlobalSection(ExtensibilityGlobals) = postSolution
		SolutionGuid = {2ACCA344-CB10-4C1B-AF38-9F2D944E6D5D}
	EndGlobalSection
EndGlobal
